# THIS IS AN AUTOGENERATED FILE. DO NOT EDIT THIS FILE DIRECTLY.
# yarn lockfile v1


"@types/node@^10.12.18":
  version "10.12.18"
  resolved "https://registry.yarnpkg.com/@types/node/-/node-10.12.18.tgz#1d3ca764718915584fcd9f6344621b7672665c67"
  integrity sha512-fh+pAqt4xRzPfqA6eh3Z2y6fyZavRIumvjhaCL753+TVkGKGhpPeyrJG2JftD0T9q4GF00KjefsQ+PQNDdWQaQ==

base64-js@^1.0.2:
  version "1.3.0"
  resolved "https://registry.yarnpkg.com/base64-js/-/base64-js-1.3.0.tgz#cab1e6118f051095e58b5281aea8c1cd22bfc0e3"

bson@^4.0.1:
  version "4.0.1"
  resolved "https://registry.yarnpkg.com/bson/-/bson-4.0.1.tgz#652dbf4bbdd864b54bec6c8fb13fa9b7b853a7a1"
  integrity sha512-Q+E5edAc2DnSb77xcBJga0iJDyZlhkKRhWxKdPJcT3UK6nC6BtmMJGpkt+99bGht3HIhXHu7mxi5FLBgQAj5MA==
  dependencies:
    buffer "^5.1.0"
    long "^4.0.0"

buffer@^5.1.0:
  version "5.2.1"
  resolved "https://registry.yarnpkg.com/buffer/-/buffer-5.2.1.tgz#dd57fa0f109ac59c602479044dca7b8b3d0b71d6"
  dependencies:
    base64-js "^1.0.2"
    ieee754 "^1.1.4"

commander@^2.12.2:
  version "2.19.0"
  resolved "https://registry.yarnpkg.com/commander/-/commander-2.19.0.tgz#f6198aa84e5b83c46054b94ddedbfed5ee9ff12a"

dom-walk@^0.1.0:
  version "0.1.1"
  resolved "https://registry.yarnpkg.com/dom-walk/-/dom-walk-0.1.1.tgz#672226dc74c8f799ad35307df936aba11acd6018"

fs-extra@^4.0.3:
  version "4.0.3"
  resolved "https://registry.yarnpkg.com/fs-extra/-/fs-extra-4.0.3.tgz#0d852122e5bc5beb453fb028e9c0c9bf36340c94"
  dependencies:
    graceful-fs "^4.1.2"
    jsonfile "^4.0.0"
    universalify "^0.1.0"

global@^4.3.2:
  version "4.3.2"
  resolved "https://registry.yarnpkg.com/global/-/global-4.3.2.tgz#e76989268a6c74c38908b1305b10fc0e394e9d0f"
  dependencies:
    min-document "^2.19.0"
    process "~0.5.1"

graceful-fs@^4.1.2, graceful-fs@^4.1.6:
  version "4.1.11"
  resolved "https://registry.yarnpkg.com/graceful-fs/-/graceful-fs-4.1.11.tgz#0e8bdfe4d1ddb8854d64e04ea7c00e2a026e5658"

ieee754@^1.1.4:
  version "1.1.12"
  resolved "https://registry.yarnpkg.com/ieee754/-/ieee754-1.1.12.tgz#50bf24e5b9c8bb98af4964c941cdb0918da7b60b"

jsonfile@^4.0.0:
  version "4.0.0"
  resolved "https://registry.yarnpkg.com/jsonfile/-/jsonfile-4.0.0.tgz#8771aae0799b64076b76640fca058f9c10e33ecb"
  optionalDependencies:
    graceful-fs "^4.1.6"

long@^4.0.0:
  version "4.0.0"
  resolved "https://registry.yarnpkg.com/long/-/long-4.0.0.tgz#9a7b71cfb7d361a194ea555241c92f7468d5bf28"

min-document@^2.19.0:
  version "2.19.0"
  resolved "https://registry.yarnpkg.com/min-document/-/min-document-2.19.0.tgz#7bd282e3f5842ed295bb748cdd9f1ffa2c824685"
  dependencies:
    dom-walk "^0.1.0"

process@~0.5.1:
  version "0.5.2"
  resolved "https://registry.yarnpkg.com/process/-/process-0.5.2.tgz#1638d8a8e34c2f440a91db95ab9aeb677fc185cf"

ts-interface-builder@^0.1.8:
  version "0.1.8"
  resolved "https://registry.yarnpkg.com/ts-interface-builder/-/ts-interface-builder-0.1.8.tgz#0bd5a7d8d24f46c12b1dcdf81c44dd7704e7a11b"
  integrity sha512-uUKE9+XTRfSp8X/LLfnqnS2uI2ReS77GxFE1aD4Y7BIBXpuuYKIJbWjGWTuFU8PdLhFSam8wYP1HmY4nbcqv+g==
  dependencies:
    commander "^2.12.2"
    fs-extra "^4.0.3"
    typescript "^2.6.2"

typescript@^2.6.2:
  version "2.9.2"
  resolved "https://registry.yarnpkg.com/typescript/-/typescript-2.9.2.tgz#1cbf61d05d6b96269244eb6a3bce4bd914e0f00c"

typescript@^3.2.2:
  version "3.2.2"
  resolved "https://registry.yarnpkg.com/typescript/-/typescript-3.2.2.tgz#fe8101c46aa123f8353523ebdcf5730c2ae493e5"
  integrity sha512-VCj5UiSyHBjwfYacmDuc/NOk4QQixbE+Wn7MFJuS0nRuPQbof132Pw4u53dm264O8LPc2MVsc7RJNml5szurkg==

universalify@^0.1.0:
  version "0.1.2"
  resolved "https://registry.yarnpkg.com/universalify/-/universalify-0.1.2.tgz#b646f69be3942dabcecc9d6639c80dc105efaa66"
